// !$*UTF8*$!
{
	archiveVersion = 1;
	classes = {
	};
	objectVersion = 50;
	objects = {

/* Begin PBXBuildFile section */
		8640CA9A23522DF400E1410A /* AppDelegate.swift in Sources */ = {isa = PBXBuildFile; fileRef = 8640CA9923522DF400E1410A /* AppDelegate.swift */; };
		8640CA9C23522DF400E1410A /* ViewController.swift in Sources */ = {isa = PBXBuildFile; fileRef = 8640CA9B23522DF400E1410A /* ViewController.swift */; };
		8640CA9F23522DF400E1410A /* Main.storyboard in Resources */ = {isa = PBXBuildFile; fileRef = 8640CA9D23522DF400E1410A /* Main.storyboard */; };
		8640CAA123522DF500E1410A /* Assets.xcassets in Resources */ = {isa = PBXBuildFile; fileRef = 8640CAA023522DF500E1410A /* Assets.xcassets */; };
		8640CAA423522DF500E1410A /* LaunchScreen.storyboard in Resources */ = {isa = PBXBuildFile; fileRef = 8640CAA223522DF500E1410A /* LaunchScreen.storyboard */; };
		867D3A6523523149006106C9 /* TheMovieDBNetworkError.swift in Sources */ = {isa = PBXBuildFile; fileRef = 867D3A6423523149006106C9 /* TheMovieDBNetworkError.swift */; };
		867D3A6823523240006106C9 /* Genre.swift in Sources */ = {isa = PBXBuildFile; fileRef = 867D3A6723523240006106C9 /* Genre.swift */; };
		867D3A6A23523263006106C9 /* Certification.swift in Sources */ = {isa = PBXBuildFile; fileRef = 867D3A6923523263006106C9 /* Certification.swift */; };
		867D3A6C235232A6006106C9 /* Actor.swift in Sources */ = {isa = PBXBuildFile; fileRef = 867D3A6B235232A6006106C9 /* Actor.swift */; };
		867D3A6E23526E33006106C9 /* ExampleURLs.swift in Sources */ = {isa = PBXBuildFile; fileRef = 867D3A6D23526E33006106C9 /* ExampleURLs.swift */; };
/* End PBXBuildFile section */

/* Begin PBXFileReference section */
		8640CA9623522DF400E1410A /* MovieNight.app */ = {isa = PBXFileReference; explicitFileType = wrapper.application; includeInIndex = 0; path = MovieNight.app; sourceTree = BUILT_PRODUCTS_DIR; };
		8640CA9923522DF400E1410A /* AppDelegate.swift */ = {isa = PBXFileReference; lastKnownFileType = sourcecode.swift; path = AppDelegate.swift; sourceTree = "<group>"; };
		8640CA9B23522DF400E1410A /* ViewController.swift */ = {isa = PBXFileReference; lastKnownFileType = sourcecode.swift; path = ViewController.swift; sourceTree = "<group>"; };
		8640CA9E23522DF400E1410A /* Base */ = {isa = PBXFileReference; lastKnownFileType = file.storyboard; name = Base; path = Base.lproj/Main.storyboard; sourceTree = "<group>"; };
		8640CAA023522DF500E1410A /* Assets.xcassets */ = {isa = PBXFileReference; lastKnownFileType = folder.assetcatalog; path = Assets.xcassets; sourceTree = "<group>"; };
		8640CAA323522DF500E1410A /* Base */ = {isa = PBXFileReference; lastKnownFileType = file.storyboard; name = Base; path = Base.lproj/LaunchScreen.storyboard; sourceTree = "<group>"; };
		8640CAA523522DF500E1410A /* Info.plist */ = {isa = PBXFileReference; lastKnownFileType = text.plist.xml; path = Info.plist; sourceTree = "<group>"; };
		867D3A6423523149006106C9 /* TheMovieDBNetworkError.swift */ = {isa = PBXFileReference; lastKnownFileType = sourcecode.swift; path = TheMovieDBNetworkError.swift; sourceTree = "<group>"; };
		867D3A6723523240006106C9 /* Genre.swift */ = {isa = PBXFileReference; lastKnownFileType = sourcecode.swift; path = Genre.swift; sourceTree = "<group>"; };
		867D3A6923523263006106C9 /* Certification.swift */ = {isa = PBXFileReference; lastKnownFileType = sourcecode.swift; path = Certification.swift; sourceTree = "<group>"; };
		867D3A6B235232A6006106C9 /* Actor.swift */ = {isa = PBXFileReference; lastKnownFileType = sourcecode.swift; path = Actor.swift; sourceTree = "<group>"; };
		867D3A6D23526E33006106C9 /* ExampleURLs.swift */ = {isa = PBXFileReference; lastKnownFileType = sourcecode.swift; path = ExampleURLs.swift; sourceTree = "<group>"; };
/* End PBXFileReference section */

/* Begin PBXFrameworksBuildPhase section */
		8640CA9323522DF400E1410A /* Frameworks */ = {
			isa = PBXFrameworksBuildPhase;
			buildActionMask = 2147483647;
			files = (
			);
			runOnlyForDeploymentPostprocessing = 0;
		};
/* End PBXFrameworksBuildPhase section */

/* Begin PBXGroup section */
		8640CA8D23522DF400E1410A = {
			isa = PBXGroup;
			children = (
				8640CA9823522DF400E1410A /* MovieNight */,
				8640CA9723522DF400E1410A /* Products */,
			);
			sourceTree = "<group>";
		};
		8640CA9723522DF400E1410A /* Products */ = {
			isa = PBXGroup;
			children = (
				8640CA9623522DF400E1410A /* MovieNight.app */,
			);
			name = Products;
			sourceTree = "<group>";
		};
		8640CA9823522DF400E1410A /* MovieNight */ = {
			isa = PBXGroup;
			children = (
				867D3A6623523236006106C9 /* Model */,
				8640CA9923522DF400E1410A /* AppDelegate.swift */,
				8640CA9B23522DF400E1410A /* ViewController.swift */,
				8640CA9D23522DF400E1410A /* Main.storyboard */,
				867D3A632352311D006106C9 /* Error */,
				8640CAA023522DF500E1410A /* Assets.xcassets */,
				8640CAA223522DF500E1410A /* LaunchScreen.storyboard */,
				8640CAA523522DF500E1410A /* Info.plist */,
			);
			path = MovieNight;
			sourceTree = "<group>";
		};
		867D3A632352311D006106C9 /* Error */ = {
			isa = PBXGroup;
			children = (
				867D3A6423523149006106C9 /* TheMovieDBNetworkError.swift */,
			);
			path = Error;
			sourceTree = "<group>";
		};
		867D3A6623523236006106C9 /* Model */ = {
			isa = PBXGroup;
			children = (
				867D3A6723523240006106C9 /* Genre.swift */,
				867D3A6923523263006106C9 /* Certification.swift */,
				867D3A6B235232A6006106C9 /* Actor.swift */,
				867D3A6D23526E33006106C9 /* ExampleURLs.swift */,
			);
			path = Model;
			sourceTree = "<group>";
		};
/* End PBXGroup section */

/* Begin PBXNativeTarget section */
		8640CA9523522DF400E1410A /* MovieNight */ = {
			isa = PBXNativeTarget;
			buildConfigurationList = 8640CAA823522DF500E1410A /* Build configuration list for PBXNativeTarget "MovieNight" */;
			buildPhases = (
				8640CA9223522DF400E1410A /* Sources */,
				8640CA9323522DF400E1410A /* Frameworks */,
				8640CA9423522DF400E1410A /* Resources */,
			);
			buildRules = (
			);
			dependencies = (
			);
			name = MovieNight;
			productName = MovieNight;
			productReference = 8640CA9623522DF400E1410A /* MovieNight.app */;
			productType = "com.apple.product-type.application";
		};
/* End PBXNativeTarget section */

/* Begin PBXProject section */
		8640CA8E23522DF400E1410A /* Project object */ = {
			isa = PBXProject;
			attributes = {
				LastSwiftUpdateCheck = 1020;
				LastUpgradeCheck = 1020;
				ORGANIZATIONNAME = "Gavin Butler";
				TargetAttributes = {
					8640CA9523522DF400E1410A = {
						CreatedOnToolsVersion = 10.2.1;
					};
				};
			};
			buildConfigurationList = 8640CA9123522DF400E1410A /* Build configuration list for PBXProject "MovieNight" */;
			compatibilityVersion = "Xcode 9.3";
			developmentRegion = en;
			hasScannedForEncodings = 0;
			knownRegions = (
				en,
				Base,
			);
			mainGroup = 8640CA8D23522DF400E1410A;
			productRefGroup = 8640CA9723522DF400E1410A /* Products */;
			projectDirPath = "";
			projectRoot = "";
			targets = (
				8640CA9523522DF400E1410A /* MovieNight */,
			);
		};
/* End PBXProject section */

/* Begin PBXResourcesBuildPhase section */
		8640CA9423522DF400E1410A /* Resources */ = {
			isa = PBXResourcesBuildPhase;
			buildActionMask = 2147483647;
			files = (
				8640CAA423522DF500E1410A /* LaunchScreen.storyboard in Resources */,
				8640CAA123522DF500E1410A /* Assets.xcassets in Resources */,
				8640CA9F23522DF400E1410A /* Main.storyboard in Resources */,
			);
			runOnlyForDeploymentPostprocessing = 0;
		};
/* End PBXResourcesBuildPhase section */

/* Begin PBXSourcesBuildPhase section */
		8640CA9223522DF400E1410A /* Sources */ = {
			isa = PBXSourcesBuildPhase;
			buildActionMask = 2147483647;
			files = (
				867D3A6E23526E33006106C9 /* ExampleURLs.swift in Sources */,
				8640CA9C23522DF400E1410A /* ViewController.swift in Sources */,
				867D3A6523523149006106C9 /* TheMovieDBNetworkError.swift in Sources */,
				867D3A6A23523263006106C9 /* Certification.swift in Sources */,
				867D3A6C235232A6006106C9 /* Actor.swift in Sources */,
				8640CA9A23522DF400E1410A /* AppDelegate.swift in Sources */,
				867D3A6823523240006106C9 /* Genre.swift in Sources */,
			);
			runOnlyForDeploymentPostprocessing = 0;
		};
/* End PBXSourcesBuildPhase section */

/* Begin PBXVariantGroup section */
		8640CA9D23522DF400E1410A /* Main.storyboard */ = {
			isa = PBXVariantGroup;
			children = (
				8640CA9E23522DF400E1410A /* Base */,
			);
			name = Main.storyboard;
			sourceTree = "<group>";
		};
		8640CAA223522DF500E1410A /* LaunchScreen.storyboard */ = {
			isa = PBXVariantGroup;
			children = (
				8640CAA323522DF500E1410A /* Base */,
			);
			name = LaunchScreen.storyboard;
			sourceTree = "<group>";
		};
/* End PBXVariantGroup section */

/* Begin XCBuildConfiguration section */
		8640CAA623522DF500E1410A /* Debug */ = {
			isa = XCBuildConfiguration;
			buildSettings = {
				ALWAYS_SEARCH_USER_PATHS = NO;
				CLANG_ANALYZER_NONNULL = YES;
				CLANG_ANALYZER_NUMBER_OBJECT_CONVERSION = YES_AGGRESSIVE;
				CLANG_CXX_LANGUAGE_STANDARD = "gnu++14";
				CLANG_CXX_LIBRARY = "libc++";
				CLANG_ENABLE_MODULES = YES;
				CLANG_ENABLE_OBJC_ARC = YES;
				CLANG_ENABLE_OBJC_WEAK = YES;
				CLANG_WARN_BLOCK_CAPTURE_AUTORELEASING = YES;
				CLANG_WARN_BOOL_CONVERSION = YES;
				CLANG_WARN_COMMA = YES;
				CLANG_WARN_CONSTANT_CONVERSION = YES;
				CLANG_WARN_DEPRECATED_OBJC_IMPLEMENTATIONS = YES;
				CLANG_WARN_DIRECT_OBJC_ISA_USAGE = YES_ERROR;
				CLANG_WARN_DOCUMENTATION_COMMENTS = YES;
				CLANG_WARN_EMPTY_BODY = YES;
				CLANG_WARN_ENUM_CONVERSION = YES;
				CLANG_WARN_INFINITE_RECURSION = YES;
				CLANG_WARN_INT_CONVERSION = YES;
				CLANG_WARN_NON_LITERAL_NULL_CONVERSION = YES;
				CLANG_WARN_OBJC_IMPLICIT_RETAIN_SELF = YES;
				CLANG_WARN_OBJC_LITERAL_CONVERSION = YES;
				CLANG_WARN_OBJC_ROOT_CLASS = YES_ERROR;
				CLANG_WARN_RANGE_LOOP_ANALYSIS = YES;
				CLANG_WARN_STRICT_PROTOTYPES = YES;
				CLANG_WARN_SUSPICIOUS_MOVE = YES;
				CLANG_WARN_UNGUARDED_AVAILABILITY = YES_AGGRESSIVE;
				CLANG_WARN_UNREACHABLE_CODE = YES;
				CLANG_WARN__DUPLICATE_METHOD_MATCH = YES;
				CODE_SIGN_IDENTITY = "iPhone Developer";
				COPY_PHASE_STRIP = NO;
				DEBUG_INFORMATION_FORMAT = dwarf;
				ENABLE_STRICT_OBJC_MSGSEND = YES;
				ENABLE_TESTABILITY = YES;
				GCC_C_LANGUAGE_STANDARD = gnu11;
				GCC_DYNAMIC_NO_PIC = NO;
				GCC_NO_COMMON_BLOCKS = YES;
				GCC_OPTIMIZATION_LEVEL = 0;
				GCC_PREPROCESSOR_DEFINITIONS = (
					"DEBUG=1",
					"$(inherited)",
				);
				GCC_WARN_64_TO_32_BIT_CONVERSION = YES;
				GCC_WARN_ABOUT_RETURN_TYPE = YES_ERROR;
				GCC_WARN_UNDECLARED_SELECTOR = YES;
				GCC_WARN_UNINITIALIZED_AUTOS = YES_AGGRESSIVE;
				GCC_WARN_UNUSED_FUNCTION = YES;
				GCC_WARN_UNUSED_VARIABLE = YES;
				IPHONEOS_DEPLOYMENT_TARGET = 12.2;
				MTL_ENABLE_DEBUG_INFO = INCLUDE_SOURCE;
				MTL_FAST_MATH = YES;
				ONLY_ACTIVE_ARCH = YES;
				SDKROOT = iphoneos;
				SWIFT_ACTIVE_COMPILATION_CONDITIONS = DEBUG;
				SWIFT_OPTIMIZATION_LEVEL = "-Onone";
			};
			name = Debug;
		};
		8640CAA723522DF500E1410A /* Release */ = {
			isa = XCBuildConfiguration;
			buildSettings = {
				ALWAYS_SEARCH_USER_PATHS = NO;
				CLANG_ANALYZER_NONNULL = YES;
				CLANG_ANALYZER_NUMBER_OBJECT_CONVERSION = YES_AGGRESSIVE;
				CLANG_CXX_LANGUAGE_STANDARD = "gnu++14";
				CLANG_CXX_LIBRARY = "libc++";
				CLANG_ENABLE_MODULES = YES;
				CLANG_ENABLE_OBJC_ARC = YES;
				CLANG_ENABLE_OBJC_WEAK = YES;
				CLANG_WARN_BLOCK_CAPTURE_AUTORELEASING = YES;
				CLANG_WARN_BOOL_CONVERSION = YES;
				CLANG_WARN_COMMA = YES;
				CLANG_WARN_CONSTANT_CONVERSION = YES;
				CLANG_WARN_DEPRECATED_OBJC_IMPLEMENTATIONS = YES;
				CLANG_WARN_DIRECT_OBJC_ISA_USAGE = YES_ERROR;
				CLANG_WARN_DOCUMENTATION_COMMENTS = YES;
				CLANG_WARN_EMPTY_BODY = YES;
				CLANG_WARN_ENUM_CONVERSION = YES;
				CLANG_WARN_INFINITE_RECURSION = YES;
				CLANG_WARN_INT_CONVERSION = YES;
				CLANG_WARN_NON_LITERAL_NULL_CONVERSION = YES;
				CLANG_WARN_OBJC_IMPLICIT_RETAIN_SELF = YES;
				CLANG_WARN_OBJC_LITERAL_CONVERSION = YES;
				CLANG_WARN_OBJC_ROOT_CLASS = YES_ERROR;
				CLANG_WARN_RANGE_LOOP_ANALYSIS = YES;
				CLANG_WARN_STRICT_PROTOTYPES = YES;
				CLANG_WARN_SUSPICIOUS_MOVE = YES;
				CLANG_WARN_UNGUARDED_AVAILABILITY = YES_AGGRESSIVE;
				CLANG_WARN_UNREACHABLE_CODE = YES;
				CLANG_WARN__DUPLICATE_METHOD_MATCH = YES;
				CODE_SIGN_IDENTITY = "iPhone Developer";
				COPY_PHASE_STRIP = NO;
				DEBUG_INFORMATION_FORMAT = "dwarf-with-dsym";
				ENABLE_NS_ASSERTIONS = NO;
				ENABLE_STRICT_OBJC_MSGSEND = YES;
				GCC_C_LANGUAGE_STANDARD = gnu11;
				GCC_NO_COMMON_BLOCKS = YES;
				GCC_WARN_64_TO_32_BIT_CONVERSION = YES;
				GCC_WARN_ABOUT_RETURN_TYPE = YES_ERROR;
				GCC_WARN_UNDECLARED_SELECTOR = YES;
				GCC_WARN_UNINITIALIZED_AUTOS = YES_AGGRESSIVE;
				GCC_WARN_UNUSED_FUNCTION = YES;
				GCC_WARN_UNUSED_VARIABLE = YES;
				IPHONEOS_DEPLOYMENT_TARGET = 12.2;
				MTL_ENABLE_DEBUG_INFO = NO;
				MTL_FAST_MATH = YES;
				SDKROOT = iphoneos;
				SWIFT_COMPILATION_MODE = wholemodule;
				SWIFT_OPTIMIZATION_LEVEL = "-O";
				VALIDATE_PRODUCT = YES;
			};
			name = Release;
		};
		8640CAA923522DF500E1410A /* Debug */ = {
			isa = XCBuildConfiguration;
			buildSettings = {
				ASSETCATALOG_COMPILER_APPICON_NAME = AppIcon;
				CODE_SIGN_STYLE = Automatic;
				DEVELOPMENT_TEAM = JJ2D2HE2JS;
				INFOPLIST_FILE = MovieNight/Info.plist;
				LD_RUNPATH_SEARCH_PATHS = (
					"$(inherited)",
					"@executable_path/Frameworks",
				);
				PRODUCT_BUNDLE_IDENTIFIER = "gavin.butler01-bigpond.com.MovieNight";
				PRODUCT_NAME = "$(TARGET_NAME)";
				SWIFT_VERSION = 5.0;
				TARGETED_DEVICE_FAMILY = "1,2";
			};
			name = Debug;
		};
		8640CAAA23522DF500E1410A /* Release */ = {
			isa = XCBuildConfiguration;
			buildSettings = {
				ASSETCATALOG_COMPILER_APPICON_NAME = AppIcon;
				CODE_SIGN_STYLE = Automatic;
				DEVELOPMENT_TEAM = JJ2D2HE2JS;
				INFOPLIST_FILE = MovieNight/Info.plist;
				LD_RUNPATH_SEARCH_PATHS = (
					"$(inherited)",
					"@executable_path/Frameworks",
				);
				PRODUCT_BUNDLE_IDENTIFIER = "gavin.butler01-bigpond.com.MovieNight";
				PRODUCT_NAME = "$(TARGET_NAME)";
				SWIFT_VERSION = 5.0;
				TARGETED_DEVICE_FAMILY = "1,2";
			};
			name = Release;
		};
/* End XCBuildConfiguration section */

/* Begin XCConfigurationList section */
		8640CA9123522DF400E1410A /* Build configuration list for PBXProject "MovieNight" */ = {
			isa = XCConfigurationList;
			buildConfigurations = (
				8640CAA623522DF500E1410A /* Debug */,
				8640CAA723522DF500E1410A /* Release */,
			);
			defaultConfigurationIsVisible = 0;
			defaultConfigurationName = Release;
		};
		8640CAA823522DF500E1410A /* Build configuration list for PBXNativeTarget "MovieNight" */ = {
			isa = XCConfigurationList;
			buildConfigurations = (
				8640CAA923522DF500E1410A /* Debug */,
				8640CAAA23522DF500E1410A /* Release */,
			);
			defaultConfigurationIsVisible = 0;
			defaultConfigurationName = Release;
		};
/* End XCConfigurationList section */
	};
	rootObject = 8640CA8E23522DF400E1410A /* Project object */;
}
