// !$*UTF8*$!
{
	archiveVersion = 1;
	classes = {
	};
	objectVersion = 50;
	objects = {

/* Begin PBXBuildFile section */
		8640CA9A23522DF400E1410A /* AppDelegate.swift in Sources */ = {isa = PBXBuildFile; fileRef = 8640CA9923522DF400E1410A /* AppDelegate.swift */; };
		8640CA9F23522DF400E1410A /* Main.storyboard in Resources */ = {isa = PBXBuildFile; fileRef = 8640CA9D23522DF400E1410A /* Main.storyboard */; };
		8640CAA123522DF500E1410A /* Assets.xcassets in Resources */ = {isa = PBXBuildFile; fileRef = 8640CAA023522DF500E1410A /* Assets.xcassets */; };
		8640CAA423522DF500E1410A /* LaunchScreen.storyboard in Resources */ = {isa = PBXBuildFile; fileRef = 8640CAA223522DF500E1410A /* LaunchScreen.storyboard */; };
		86430011235BD32C0064B27F /* ResultsTableViewController.swift in Sources */ = {isa = PBXBuildFile; fileRef = 86430010235BD32C0064B27F /* ResultsTableViewController.swift */; };
		86609607235FC47000431591 /* MovieCell.swift in Sources */ = {isa = PBXBuildFile; fileRef = 86609606235FC47000431591 /* MovieCell.swift */; };
		86719ABA2364445200030EA3 /* Attribution.swift in Sources */ = {isa = PBXBuildFile; fileRef = 86719AB92364445200030EA3 /* Attribution.swift */; };
		86719ABC2364470100030EA3 /* APIClient.swift in Sources */ = {isa = PBXBuildFile; fileRef = 86719ABB2364470100030EA3 /* APIClient.swift */; };
		86719ABE2364475900030EA3 /* FetchResult.swift in Sources */ = {isa = PBXBuildFile; fileRef = 86719ABD2364475900030EA3 /* FetchResult.swift */; };
		867D3A6823523240006106C9 /* Genres.swift in Sources */ = {isa = PBXBuildFile; fileRef = 867D3A6723523240006106C9 /* Genres.swift */; };
		867D3A6E23526E33006106C9 /* ExampleURLs.swift in Sources */ = {isa = PBXBuildFile; fileRef = 867D3A6D23526E33006106C9 /* ExampleURLs.swift */; };
		867D8FAC2354B31B00A95E53 /* StartScreenViewController.swift in Sources */ = {isa = PBXBuildFile; fileRef = 867D8FAB2354B31B00A95E53 /* StartScreenViewController.swift */; };
		867D8FB02354D82B00A95E53 /* UserSelection.swift in Sources */ = {isa = PBXBuildFile; fileRef = 867D8FAF2354D82B00A95E53 /* UserSelection.swift */; };
		867D8FB62354DA4F00A95E53 /* ListTableViewController.swift in Sources */ = {isa = PBXBuildFile; fileRef = 867D8FB52354DA4F00A95E53 /* ListTableViewController.swift */; };
		867D8FB82354DBB600A95E53 /* TheMovieDBAPIClient.swift in Sources */ = {isa = PBXBuildFile; fileRef = 867D8FB72354DBB600A95E53 /* TheMovieDBAPIClient.swift */; };
		867D8FBA2354DC9E00A95E53 /* APIError.swift in Sources */ = {isa = PBXBuildFile; fileRef = 867D8FB92354DC9E00A95E53 /* APIError.swift */; };
		86806A1723533F6C004F1580 /* ParameterKey.swift in Sources */ = {isa = PBXBuildFile; fileRef = 86806A1623533F6C004F1580 /* ParameterKey.swift */; };
		86806A1F23534097004F1580 /* TheMovieDB.swift in Sources */ = {isa = PBXBuildFile; fileRef = 86806A1E23534097004F1580 /* TheMovieDB.swift */; };
		86806A21235341E7004F1580 /* Entity.swift in Sources */ = {isa = PBXBuildFile; fileRef = 86806A20235341E7004F1580 /* Entity.swift */; };
		86806A232353AE70004F1580 /* Endpoint.swift in Sources */ = {isa = PBXBuildFile; fileRef = 86806A222353AE70004F1580 /* Endpoint.swift */; };
		868919F0235EF3E000EA126D /* ResultsDataSource.swift in Sources */ = {isa = PBXBuildFile; fileRef = 868919EF235EF3E000EA126D /* ResultsDataSource.swift */; };
		868919F2235EF66600EA126D /* MovieDownloader.swift in Sources */ = {isa = PBXBuildFile; fileRef = 868919F1235EF66600EA126D /* MovieDownloader.swift */; };
		868919F4235EF6C300EA126D /* Movie.swift in Sources */ = {isa = PBXBuildFile; fileRef = 868919F3235EF6C300EA126D /* Movie.swift */; };
		868919F6235EF72400EA126D /* MovieArtworkDownloadState.swift in Sources */ = {isa = PBXBuildFile; fileRef = 868919F5235EF72400EA126D /* MovieArtworkDownloadState.swift */; };
		868919F8235EF8B900EA126D /* PendingOperations.swift in Sources */ = {isa = PBXBuildFile; fileRef = 868919F7235EF8B900EA126D /* PendingOperations.swift */; };
		868919FA235EFBAE00EA126D /* Movies.swift in Sources */ = {isa = PBXBuildFile; fileRef = 868919F9235EFBAE00EA126D /* Movies.swift */; };
		86A1DDC92361AEC300A0C597 /* TheMovieDBErrorResponse.swift in Sources */ = {isa = PBXBuildFile; fileRef = 86A1DDC82361AEC300A0C597 /* TheMovieDBErrorResponse.swift */; };
		86A53599235A39CE00B9B532 /* Certification.swift in Sources */ = {isa = PBXBuildFile; fileRef = 86A53598235A39CE00B9B532 /* Certification.swift */; };
		86A5359B235A8F1000B9B532 /* User.swift in Sources */ = {isa = PBXBuildFile; fileRef = 86A5359A235A8F1000B9B532 /* User.swift */; };
		86AACFC123612610005F959C /* MovieDetailViewController.swift in Sources */ = {isa = PBXBuildFile; fileRef = 86AACFC023612610005F959C /* MovieDetailViewController.swift */; };
		86AB2923235879D80003794A /* Certifications.swift in Sources */ = {isa = PBXBuildFile; fileRef = 86AB2922235879D80003794A /* Certifications.swift */; };
		86E3B3D9235547E5000D9400 /* DataType.swift in Sources */ = {isa = PBXBuildFile; fileRef = 86E3B3D8235547E5000D9400 /* DataType.swift */; };
		86E3B3DB23554C58000D9400 /* Actors.swift in Sources */ = {isa = PBXBuildFile; fileRef = 86E3B3DA23554C58000D9400 /* Actors.swift */; };
/* End PBXBuildFile section */

/* Begin PBXFileReference section */
		8640CA9623522DF400E1410A /* MovieNight.app */ = {isa = PBXFileReference; explicitFileType = wrapper.application; includeInIndex = 0; path = MovieNight.app; sourceTree = BUILT_PRODUCTS_DIR; };
		8640CA9923522DF400E1410A /* AppDelegate.swift */ = {isa = PBXFileReference; lastKnownFileType = sourcecode.swift; path = AppDelegate.swift; sourceTree = "<group>"; };
		8640CA9E23522DF400E1410A /* Base */ = {isa = PBXFileReference; lastKnownFileType = file.storyboard; name = Base; path = Base.lproj/Main.storyboard; sourceTree = "<group>"; };
		8640CAA023522DF500E1410A /* Assets.xcassets */ = {isa = PBXFileReference; lastKnownFileType = folder.assetcatalog; path = Assets.xcassets; sourceTree = "<group>"; };
		8640CAA323522DF500E1410A /* Base */ = {isa = PBXFileReference; lastKnownFileType = file.storyboard; name = Base; path = Base.lproj/LaunchScreen.storyboard; sourceTree = "<group>"; };
		8640CAA523522DF500E1410A /* Info.plist */ = {isa = PBXFileReference; lastKnownFileType = text.plist.xml; path = Info.plist; sourceTree = "<group>"; };
		86430010235BD32C0064B27F /* ResultsTableViewController.swift */ = {isa = PBXFileReference; lastKnownFileType = sourcecode.swift; path = ResultsTableViewController.swift; sourceTree = "<group>"; };
		86609606235FC47000431591 /* MovieCell.swift */ = {isa = PBXFileReference; lastKnownFileType = sourcecode.swift; path = MovieCell.swift; sourceTree = "<group>"; };
		86719AB92364445200030EA3 /* Attribution.swift */ = {isa = PBXFileReference; lastKnownFileType = sourcecode.swift; path = Attribution.swift; sourceTree = "<group>"; };
		86719ABB2364470100030EA3 /* APIClient.swift */ = {isa = PBXFileReference; lastKnownFileType = sourcecode.swift; path = APIClient.swift; sourceTree = "<group>"; };
		86719ABD2364475900030EA3 /* FetchResult.swift */ = {isa = PBXFileReference; lastKnownFileType = sourcecode.swift; path = FetchResult.swift; sourceTree = "<group>"; };
		867D3A6723523240006106C9 /* Genres.swift */ = {isa = PBXFileReference; lastKnownFileType = sourcecode.swift; path = Genres.swift; sourceTree = "<group>"; };
		867D3A6D23526E33006106C9 /* ExampleURLs.swift */ = {isa = PBXFileReference; lastKnownFileType = sourcecode.swift; path = ExampleURLs.swift; sourceTree = "<group>"; };
		867D8FAB2354B31B00A95E53 /* StartScreenViewController.swift */ = {isa = PBXFileReference; lastKnownFileType = sourcecode.swift; path = StartScreenViewController.swift; sourceTree = "<group>"; };
		867D8FAF2354D82B00A95E53 /* UserSelection.swift */ = {isa = PBXFileReference; lastKnownFileType = sourcecode.swift; path = UserSelection.swift; sourceTree = "<group>"; };
		867D8FB52354DA4F00A95E53 /* ListTableViewController.swift */ = {isa = PBXFileReference; lastKnownFileType = sourcecode.swift; path = ListTableViewController.swift; sourceTree = "<group>"; };
		867D8FB72354DBB600A95E53 /* TheMovieDBAPIClient.swift */ = {isa = PBXFileReference; fileEncoding = 4; lastKnownFileType = sourcecode.swift; path = TheMovieDBAPIClient.swift; sourceTree = "<group>"; };
		867D8FB92354DC9E00A95E53 /* APIError.swift */ = {isa = PBXFileReference; fileEncoding = 4; lastKnownFileType = sourcecode.swift; path = APIError.swift; sourceTree = "<group>"; };
		86806A1623533F6C004F1580 /* ParameterKey.swift */ = {isa = PBXFileReference; lastKnownFileType = sourcecode.swift; path = ParameterKey.swift; sourceTree = "<group>"; };
		86806A1E23534097004F1580 /* TheMovieDB.swift */ = {isa = PBXFileReference; lastKnownFileType = sourcecode.swift; path = TheMovieDB.swift; sourceTree = "<group>"; };
		86806A20235341E7004F1580 /* Entity.swift */ = {isa = PBXFileReference; lastKnownFileType = sourcecode.swift; path = Entity.swift; sourceTree = "<group>"; };
		86806A222353AE70004F1580 /* Endpoint.swift */ = {isa = PBXFileReference; lastKnownFileType = sourcecode.swift; path = Endpoint.swift; sourceTree = "<group>"; };
		868919EF235EF3E000EA126D /* ResultsDataSource.swift */ = {isa = PBXFileReference; lastKnownFileType = sourcecode.swift; path = ResultsDataSource.swift; sourceTree = "<group>"; };
		868919F1235EF66600EA126D /* MovieDownloader.swift */ = {isa = PBXFileReference; lastKnownFileType = sourcecode.swift; path = MovieDownloader.swift; sourceTree = "<group>"; };
		868919F3235EF6C300EA126D /* Movie.swift */ = {isa = PBXFileReference; lastKnownFileType = sourcecode.swift; path = Movie.swift; sourceTree = "<group>"; };
		868919F5235EF72400EA126D /* MovieArtworkDownloadState.swift */ = {isa = PBXFileReference; lastKnownFileType = sourcecode.swift; path = MovieArtworkDownloadState.swift; sourceTree = "<group>"; };
		868919F7235EF8B900EA126D /* PendingOperations.swift */ = {isa = PBXFileReference; lastKnownFileType = sourcecode.swift; path = PendingOperations.swift; sourceTree = "<group>"; };
		868919F9235EFBAE00EA126D /* Movies.swift */ = {isa = PBXFileReference; lastKnownFileType = sourcecode.swift; path = Movies.swift; sourceTree = "<group>"; };
		86A1DDC82361AEC300A0C597 /* TheMovieDBErrorResponse.swift */ = {isa = PBXFileReference; lastKnownFileType = sourcecode.swift; path = TheMovieDBErrorResponse.swift; sourceTree = "<group>"; };
		86A53598235A39CE00B9B532 /* Certification.swift */ = {isa = PBXFileReference; lastKnownFileType = sourcecode.swift; path = Certification.swift; sourceTree = "<group>"; };
		86A5359A235A8F1000B9B532 /* User.swift */ = {isa = PBXFileReference; lastKnownFileType = sourcecode.swift; path = User.swift; sourceTree = "<group>"; };
		86AACFC023612610005F959C /* MovieDetailViewController.swift */ = {isa = PBXFileReference; lastKnownFileType = sourcecode.swift; path = MovieDetailViewController.swift; sourceTree = "<group>"; };
		86AB2922235879D80003794A /* Certifications.swift */ = {isa = PBXFileReference; lastKnownFileType = sourcecode.swift; path = Certifications.swift; sourceTree = "<group>"; };
		86E3B3D8235547E5000D9400 /* DataType.swift */ = {isa = PBXFileReference; lastKnownFileType = sourcecode.swift; path = DataType.swift; sourceTree = "<group>"; };
		86E3B3DA23554C58000D9400 /* Actors.swift */ = {isa = PBXFileReference; lastKnownFileType = sourcecode.swift; path = Actors.swift; sourceTree = "<group>"; };
/* End PBXFileReference section */

/* Begin PBXFrameworksBuildPhase section */
		8640CA9323522DF400E1410A /* Frameworks */ = {
			isa = PBXFrameworksBuildPhase;
			buildActionMask = 2147483647;
			files = (
			);
			runOnlyForDeploymentPostprocessing = 0;
		};
/* End PBXFrameworksBuildPhase section */

/* Begin PBXGroup section */
		8640CA8D23522DF400E1410A = {
			isa = PBXGroup;
			children = (
				8640CA9823522DF400E1410A /* MovieNight */,
				8640CA9723522DF400E1410A /* Products */,
			);
			sourceTree = "<group>";
		};
		8640CA9723522DF400E1410A /* Products */ = {
			isa = PBXGroup;
			children = (
				8640CA9623522DF400E1410A /* MovieNight.app */,
			);
			name = Products;
			sourceTree = "<group>";
		};
		8640CA9823522DF400E1410A /* MovieNight */ = {
			isa = PBXGroup;
			children = (
				8640CA9923522DF400E1410A /* AppDelegate.swift */,
				8640CA9D23522DF400E1410A /* Main.storyboard */,
				86609605235FC45E00431591 /* View */,
				867D8FAD2354B31F00A95E53 /* Controller */,
				867D3A6623523236006106C9 /* Model */,
				867D8FAE2354B33900A95E53 /* Network */,
				867D3A732352AE40006106C9 /* DataSource */,
				8640CAA023522DF500E1410A /* Assets.xcassets */,
				8640CAA223522DF500E1410A /* LaunchScreen.storyboard */,
				8640CAA523522DF500E1410A /* Info.plist */,
			);
			path = MovieNight;
			sourceTree = "<group>";
		};
		86609605235FC45E00431591 /* View */ = {
			isa = PBXGroup;
			children = (
				86609606235FC47000431591 /* MovieCell.swift */,
				86719AB92364445200030EA3 /* Attribution.swift */,
			);
			path = View;
			sourceTree = "<group>";
		};
		867D3A632352311D006106C9 /* Error */ = {
			isa = PBXGroup;
			children = (
				867D8FB92354DC9E00A95E53 /* APIError.swift */,
			);
			path = Error;
			sourceTree = "<group>";
		};
		867D3A6623523236006106C9 /* Model */ = {
			isa = PBXGroup;
			children = (
				86E3B3D8235547E5000D9400 /* DataType.swift */,
				86806A20235341E7004F1580 /* Entity.swift */,
				86A53598235A39CE00B9B532 /* Certification.swift */,
				867D3A6723523240006106C9 /* Genres.swift */,
				86AB2922235879D80003794A /* Certifications.swift */,
				86E3B3DA23554C58000D9400 /* Actors.swift */,
				867D8FAF2354D82B00A95E53 /* UserSelection.swift */,
				86A5359A235A8F1000B9B532 /* User.swift */,
				868919F3235EF6C300EA126D /* Movie.swift */,
				868919F9235EFBAE00EA126D /* Movies.swift */,
			);
			path = Model;
			sourceTree = "<group>";
		};
		867D3A732352AE40006106C9 /* DataSource */ = {
			isa = PBXGroup;
			children = (
				868919EF235EF3E000EA126D /* ResultsDataSource.swift */,
			);
			path = DataSource;
			sourceTree = "<group>";
		};
		867D8FAD2354B31F00A95E53 /* Controller */ = {
			isa = PBXGroup;
			children = (
				867D8FAB2354B31B00A95E53 /* StartScreenViewController.swift */,
				867D8FB52354DA4F00A95E53 /* ListTableViewController.swift */,
				86430010235BD32C0064B27F /* ResultsTableViewController.swift */,
				86AACFC023612610005F959C /* MovieDetailViewController.swift */,
			);
			path = Controller;
			sourceTree = "<group>";
		};
		867D8FAE2354B33900A95E53 /* Network */ = {
			isa = PBXGroup;
			children = (
				86719ABB2364470100030EA3 /* APIClient.swift */,
				86719ABD2364475900030EA3 /* FetchResult.swift */,
				867D8FB72354DBB600A95E53 /* TheMovieDBAPIClient.swift */,
				86A1DDC82361AEC300A0C597 /* TheMovieDBErrorResponse.swift */,
				868919F1235EF66600EA126D /* MovieDownloader.swift */,
				868919F5235EF72400EA126D /* MovieArtworkDownloadState.swift */,
				868919F7235EF8B900EA126D /* PendingOperations.swift */,
				86806A1523533F36004F1580 /* Endpoint */,
				867D3A632352311D006106C9 /* Error */,
			);
			path = Network;
			sourceTree = "<group>";
		};
		86806A1523533F36004F1580 /* Endpoint */ = {
			isa = PBXGroup;
			children = (
				86806A222353AE70004F1580 /* Endpoint.swift */,
				86806A1E23534097004F1580 /* TheMovieDB.swift */,
				86806A1623533F6C004F1580 /* ParameterKey.swift */,
				867D3A6D23526E33006106C9 /* ExampleURLs.swift */,
			);
			path = Endpoint;
			sourceTree = "<group>";
		};
/* End PBXGroup section */

/* Begin PBXNativeTarget section */
		8640CA9523522DF400E1410A /* MovieNight */ = {
			isa = PBXNativeTarget;
			buildConfigurationList = 8640CAA823522DF500E1410A /* Build configuration list for PBXNativeTarget "MovieNight" */;
			buildPhases = (
				8640CA9223522DF400E1410A /* Sources */,
				8640CA9323522DF400E1410A /* Frameworks */,
				8640CA9423522DF400E1410A /* Resources */,
			);
			buildRules = (
			);
			dependencies = (
			);
			name = MovieNight;
			productName = MovieNight;
			productReference = 8640CA9623522DF400E1410A /* MovieNight.app */;
			productType = "com.apple.product-type.application";
		};
/* End PBXNativeTarget section */

/* Begin PBXProject section */
		8640CA8E23522DF400E1410A /* Project object */ = {
			isa = PBXProject;
			attributes = {
				LastSwiftUpdateCheck = 1020;
				LastUpgradeCheck = 1020;
				ORGANIZATIONNAME = "Gavin Butler";
				TargetAttributes = {
					8640CA9523522DF400E1410A = {
						CreatedOnToolsVersion = 10.2.1;
					};
				};
			};
			buildConfigurationList = 8640CA9123522DF400E1410A /* Build configuration list for PBXProject "MovieNight" */;
			compatibilityVersion = "Xcode 9.3";
			developmentRegion = en;
			hasScannedForEncodings = 0;
			knownRegions = (
				en,
				Base,
			);
			mainGroup = 8640CA8D23522DF400E1410A;
			productRefGroup = 8640CA9723522DF400E1410A /* Products */;
			projectDirPath = "";
			projectRoot = "";
			targets = (
				8640CA9523522DF400E1410A /* MovieNight */,
			);
		};
/* End PBXProject section */

/* Begin PBXResourcesBuildPhase section */
		8640CA9423522DF400E1410A /* Resources */ = {
			isa = PBXResourcesBuildPhase;
			buildActionMask = 2147483647;
			files = (
				8640CAA423522DF500E1410A /* LaunchScreen.storyboard in Resources */,
				8640CAA123522DF500E1410A /* Assets.xcassets in Resources */,
				8640CA9F23522DF400E1410A /* Main.storyboard in Resources */,
			);
			runOnlyForDeploymentPostprocessing = 0;
		};
/* End PBXResourcesBuildPhase section */

/* Begin PBXSourcesBuildPhase section */
		8640CA9223522DF400E1410A /* Sources */ = {
			isa = PBXSourcesBuildPhase;
			buildActionMask = 2147483647;
			files = (
				86806A1F23534097004F1580 /* TheMovieDB.swift in Sources */,
				867D3A6E23526E33006106C9 /* ExampleURLs.swift in Sources */,
				86E3B3DB23554C58000D9400 /* Actors.swift in Sources */,
				867D8FB82354DBB600A95E53 /* TheMovieDBAPIClient.swift in Sources */,
				86806A232353AE70004F1580 /* Endpoint.swift in Sources */,
				867D8FB62354DA4F00A95E53 /* ListTableViewController.swift in Sources */,
				86E3B3D9235547E5000D9400 /* DataType.swift in Sources */,
				868919F2235EF66600EA126D /* MovieDownloader.swift in Sources */,
				86A5359B235A8F1000B9B532 /* User.swift in Sources */,
				867D8FBA2354DC9E00A95E53 /* APIError.swift in Sources */,
				868919F0235EF3E000EA126D /* ResultsDataSource.swift in Sources */,
				867D8FB02354D82B00A95E53 /* UserSelection.swift in Sources */,
				86609607235FC47000431591 /* MovieCell.swift in Sources */,
				868919F4235EF6C300EA126D /* Movie.swift in Sources */,
				86719ABA2364445200030EA3 /* Attribution.swift in Sources */,
				867D8FAC2354B31B00A95E53 /* StartScreenViewController.swift in Sources */,
				86AB2923235879D80003794A /* Certifications.swift in Sources */,
				8640CA9A23522DF400E1410A /* AppDelegate.swift in Sources */,
				86430011235BD32C0064B27F /* ResultsTableViewController.swift in Sources */,
				86806A21235341E7004F1580 /* Entity.swift in Sources */,
				86719ABE2364475900030EA3 /* FetchResult.swift in Sources */,
				86AACFC123612610005F959C /* MovieDetailViewController.swift in Sources */,
				868919F6235EF72400EA126D /* MovieArtworkDownloadState.swift in Sources */,
				86A1DDC92361AEC300A0C597 /* TheMovieDBErrorResponse.swift in Sources */,
				867D3A6823523240006106C9 /* Genres.swift in Sources */,
				868919FA235EFBAE00EA126D /* Movies.swift in Sources */,
				868919F8235EF8B900EA126D /* PendingOperations.swift in Sources */,
				86806A1723533F6C004F1580 /* ParameterKey.swift in Sources */,
				86A53599235A39CE00B9B532 /* Certification.swift in Sources */,
				86719ABC2364470100030EA3 /* APIClient.swift in Sources */,
			);
			runOnlyForDeploymentPostprocessing = 0;
		};
/* End PBXSourcesBuildPhase section */

/* Begin PBXVariantGroup section */
		8640CA9D23522DF400E1410A /* Main.storyboard */ = {
			isa = PBXVariantGroup;
			children = (
				8640CA9E23522DF400E1410A /* Base */,
			);
			name = Main.storyboard;
			sourceTree = "<group>";
		};
		8640CAA223522DF500E1410A /* LaunchScreen.storyboard */ = {
			isa = PBXVariantGroup;
			children = (
				8640CAA323522DF500E1410A /* Base */,
			);
			name = LaunchScreen.storyboard;
			sourceTree = "<group>";
		};
/* End PBXVariantGroup section */

/* Begin XCBuildConfiguration section */
		8640CAA623522DF500E1410A /* Debug */ = {
			isa = XCBuildConfiguration;
			buildSettings = {
				ALWAYS_SEARCH_USER_PATHS = NO;
				CLANG_ANALYZER_NONNULL = YES;
				CLANG_ANALYZER_NUMBER_OBJECT_CONVERSION = YES_AGGRESSIVE;
				CLANG_CXX_LANGUAGE_STANDARD = "gnu++14";
				CLANG_CXX_LIBRARY = "libc++";
				CLANG_ENABLE_MODULES = YES;
				CLANG_ENABLE_OBJC_ARC = YES;
				CLANG_ENABLE_OBJC_WEAK = YES;
				CLANG_WARN_BLOCK_CAPTURE_AUTORELEASING = YES;
				CLANG_WARN_BOOL_CONVERSION = YES;
				CLANG_WARN_COMMA = YES;
				CLANG_WARN_CONSTANT_CONVERSION = YES;
				CLANG_WARN_DEPRECATED_OBJC_IMPLEMENTATIONS = YES;
				CLANG_WARN_DIRECT_OBJC_ISA_USAGE = YES_ERROR;
				CLANG_WARN_DOCUMENTATION_COMMENTS = YES;
				CLANG_WARN_EMPTY_BODY = YES;
				CLANG_WARN_ENUM_CONVERSION = YES;
				CLANG_WARN_INFINITE_RECURSION = YES;
				CLANG_WARN_INT_CONVERSION = YES;
				CLANG_WARN_NON_LITERAL_NULL_CONVERSION = YES;
				CLANG_WARN_OBJC_IMPLICIT_RETAIN_SELF = YES;
				CLANG_WARN_OBJC_LITERAL_CONVERSION = YES;
				CLANG_WARN_OBJC_ROOT_CLASS = YES_ERROR;
				CLANG_WARN_RANGE_LOOP_ANALYSIS = YES;
				CLANG_WARN_STRICT_PROTOTYPES = YES;
				CLANG_WARN_SUSPICIOUS_MOVE = YES;
				CLANG_WARN_UNGUARDED_AVAILABILITY = YES_AGGRESSIVE;
				CLANG_WARN_UNREACHABLE_CODE = YES;
				CLANG_WARN__DUPLICATE_METHOD_MATCH = YES;
				CODE_SIGN_IDENTITY = "iPhone Developer";
				COPY_PHASE_STRIP = NO;
				DEBUG_INFORMATION_FORMAT = dwarf;
				ENABLE_STRICT_OBJC_MSGSEND = YES;
				ENABLE_TESTABILITY = YES;
				GCC_C_LANGUAGE_STANDARD = gnu11;
				GCC_DYNAMIC_NO_PIC = NO;
				GCC_NO_COMMON_BLOCKS = YES;
				GCC_OPTIMIZATION_LEVEL = 0;
				GCC_PREPROCESSOR_DEFINITIONS = (
					"DEBUG=1",
					"$(inherited)",
				);
				GCC_WARN_64_TO_32_BIT_CONVERSION = YES;
				GCC_WARN_ABOUT_RETURN_TYPE = YES_ERROR;
				GCC_WARN_UNDECLARED_SELECTOR = YES;
				GCC_WARN_UNINITIALIZED_AUTOS = YES_AGGRESSIVE;
				GCC_WARN_UNUSED_FUNCTION = YES;
				GCC_WARN_UNUSED_VARIABLE = YES;
				IPHONEOS_DEPLOYMENT_TARGET = 12.2;
				MTL_ENABLE_DEBUG_INFO = INCLUDE_SOURCE;
				MTL_FAST_MATH = YES;
				ONLY_ACTIVE_ARCH = YES;
				SDKROOT = iphoneos;
				SWIFT_ACTIVE_COMPILATION_CONDITIONS = DEBUG;
				SWIFT_OPTIMIZATION_LEVEL = "-Onone";
			};
			name = Debug;
		};
		8640CAA723522DF500E1410A /* Release */ = {
			isa = XCBuildConfiguration;
			buildSettings = {
				ALWAYS_SEARCH_USER_PATHS = NO;
				CLANG_ANALYZER_NONNULL = YES;
				CLANG_ANALYZER_NUMBER_OBJECT_CONVERSION = YES_AGGRESSIVE;
				CLANG_CXX_LANGUAGE_STANDARD = "gnu++14";
				CLANG_CXX_LIBRARY = "libc++";
				CLANG_ENABLE_MODULES = YES;
				CLANG_ENABLE_OBJC_ARC = YES;
				CLANG_ENABLE_OBJC_WEAK = YES;
				CLANG_WARN_BLOCK_CAPTURE_AUTORELEASING = YES;
				CLANG_WARN_BOOL_CONVERSION = YES;
				CLANG_WARN_COMMA = YES;
				CLANG_WARN_CONSTANT_CONVERSION = YES;
				CLANG_WARN_DEPRECATED_OBJC_IMPLEMENTATIONS = YES;
				CLANG_WARN_DIRECT_OBJC_ISA_USAGE = YES_ERROR;
				CLANG_WARN_DOCUMENTATION_COMMENTS = YES;
				CLANG_WARN_EMPTY_BODY = YES;
				CLANG_WARN_ENUM_CONVERSION = YES;
				CLANG_WARN_INFINITE_RECURSION = YES;
				CLANG_WARN_INT_CONVERSION = YES;
				CLANG_WARN_NON_LITERAL_NULL_CONVERSION = YES;
				CLANG_WARN_OBJC_IMPLICIT_RETAIN_SELF = YES;
				CLANG_WARN_OBJC_LITERAL_CONVERSION = YES;
				CLANG_WARN_OBJC_ROOT_CLASS = YES_ERROR;
				CLANG_WARN_RANGE_LOOP_ANALYSIS = YES;
				CLANG_WARN_STRICT_PROTOTYPES = YES;
				CLANG_WARN_SUSPICIOUS_MOVE = YES;
				CLANG_WARN_UNGUARDED_AVAILABILITY = YES_AGGRESSIVE;
				CLANG_WARN_UNREACHABLE_CODE = YES;
				CLANG_WARN__DUPLICATE_METHOD_MATCH = YES;
				CODE_SIGN_IDENTITY = "iPhone Developer";
				COPY_PHASE_STRIP = NO;
				DEBUG_INFORMATION_FORMAT = "dwarf-with-dsym";
				ENABLE_NS_ASSERTIONS = NO;
				ENABLE_STRICT_OBJC_MSGSEND = YES;
				GCC_C_LANGUAGE_STANDARD = gnu11;
				GCC_NO_COMMON_BLOCKS = YES;
				GCC_WARN_64_TO_32_BIT_CONVERSION = YES;
				GCC_WARN_ABOUT_RETURN_TYPE = YES_ERROR;
				GCC_WARN_UNDECLARED_SELECTOR = YES;
				GCC_WARN_UNINITIALIZED_AUTOS = YES_AGGRESSIVE;
				GCC_WARN_UNUSED_FUNCTION = YES;
				GCC_WARN_UNUSED_VARIABLE = YES;
				IPHONEOS_DEPLOYMENT_TARGET = 12.2;
				MTL_ENABLE_DEBUG_INFO = NO;
				MTL_FAST_MATH = YES;
				SDKROOT = iphoneos;
				SWIFT_COMPILATION_MODE = wholemodule;
				SWIFT_OPTIMIZATION_LEVEL = "-O";
				VALIDATE_PRODUCT = YES;
			};
			name = Release;
		};
		8640CAA923522DF500E1410A /* Debug */ = {
			isa = XCBuildConfiguration;
			buildSettings = {
				ASSETCATALOG_COMPILER_APPICON_NAME = AppIcon;
				CODE_SIGN_STYLE = Automatic;
				DEVELOPMENT_TEAM = JJ2D2HE2JS;
				INFOPLIST_FILE = MovieNight/Info.plist;
				LD_RUNPATH_SEARCH_PATHS = (
					"$(inherited)",
					"@executable_path/Frameworks",
				);
				PRODUCT_BUNDLE_IDENTIFIER = "gavin.butler01-bigpond.com.MovieNight";
				PRODUCT_NAME = "$(TARGET_NAME)";
				SWIFT_VERSION = 5.0;
				TARGETED_DEVICE_FAMILY = "1,2";
			};
			name = Debug;
		};
		8640CAAA23522DF500E1410A /* Release */ = {
			isa = XCBuildConfiguration;
			buildSettings = {
				ASSETCATALOG_COMPILER_APPICON_NAME = AppIcon;
				CODE_SIGN_STYLE = Automatic;
				DEVELOPMENT_TEAM = JJ2D2HE2JS;
				INFOPLIST_FILE = MovieNight/Info.plist;
				LD_RUNPATH_SEARCH_PATHS = (
					"$(inherited)",
					"@executable_path/Frameworks",
				);
				PRODUCT_BUNDLE_IDENTIFIER = "gavin.butler01-bigpond.com.MovieNight";
				PRODUCT_NAME = "$(TARGET_NAME)";
				SWIFT_VERSION = 5.0;
				TARGETED_DEVICE_FAMILY = "1,2";
			};
			name = Release;
		};
/* End XCBuildConfiguration section */

/* Begin XCConfigurationList section */
		8640CA9123522DF400E1410A /* Build configuration list for PBXProject "MovieNight" */ = {
			isa = XCConfigurationList;
			buildConfigurations = (
				8640CAA623522DF500E1410A /* Debug */,
				8640CAA723522DF500E1410A /* Release */,
			);
			defaultConfigurationIsVisible = 0;
			defaultConfigurationName = Release;
		};
		8640CAA823522DF500E1410A /* Build configuration list for PBXNativeTarget "MovieNight" */ = {
			isa = XCConfigurationList;
			buildConfigurations = (
				8640CAA923522DF500E1410A /* Debug */,
				8640CAAA23522DF500E1410A /* Release */,
			);
			defaultConfigurationIsVisible = 0;
			defaultConfigurationName = Release;
		};
/* End XCConfigurationList section */
	};
	rootObject = 8640CA8E23522DF400E1410A /* Project object */;
}
